
Microsoft Visual Studio Solution File, Format Version 12.00
# Visual Studio Version 16
VisualStudioVersion = 16.0.31402.337
MinimumVisualStudioVersion = 10.0.40219.1
Project("{FAE04EC0-301F-11D3-BF4B-00C04F79EFBC}") = "WindowsFormsApp1", "WindowsFormsApp1\WindowsFormsApp1.csproj", "{BEFF4B9F-C0D8-4E29-993E-324C355EC830}"
EndProject
Global
	GlobalSection(SolutionConfigurationPlatforms) = preSolution
		Debug|Any CPU = Debug|Any CPU
		Release|Any CPU = Release|Any CPU
	EndGlobalSection
	GlobalSection(ProjectConfigurationPlatforms) = postSolution
		{BEFF4B9F-C0D8-4E29-993E-324C355EC830}.Debug|Any CPU.ActiveCfg = Debug|Any CPU
		{BEFF4B9F-C0D8-4E29-993E-324C355EC830}.Debug|Any CPU.Build.0 = Debug|Any CPU
		{BEFF4B9F-C0D8-4E29-993E-324C355EC830}.Release|Any CPU.ActiveCfg = Release|Any CPU
		{BEFF4B9F-C0D8-4E29-993E-324C355EC830}.Release|Any CPU.Build.0 = Release|Any CPU
	EndGlobalSection
	GlobalSection(SolutionProperties) = preSolution
		HideSolutionNode = FALSE
	EndGlobalSection
	GlobalSection(ExtensibilityGlobals) = postSolution
		SolutionGuid = {6BC8DEDC-A6B4-48F9-8819-03F1441FC3A4}
	EndGlobalSection
EndGlobal
